
Microsoft Visual Studio Solution File, Format Version 12.00
# Visual Studio Version 16
VisualStudioVersion = 16.0.31702.278
MinimumVisualStudioVersion = 10.0.40219.1
Project("{FAE04EC0-301F-11D3-BF4B-00C04F79EFBC}") = "Ejercicio_13_sharp", "Ejercicio_13_sharp\Ejercicio_13_sharp.csproj", "{F55AA752-D592-42E1-9271-A7728CE69999}"
EndProject
Global
	GlobalSection(SolutionConfigurationPlatforms) = preSolution
		Debug|Any CPU = Debug|Any CPU
		Release|Any CPU = Release|Any CPU
	EndGlobalSection
	GlobalSection(ProjectConfigurationPlatforms) = postSolution
		{F55AA752-D592-42E1-9271-A7728CE69999}.Debug|Any CPU.ActiveCfg = Debug|Any CPU
		{F55AA752-D592-42E1-9271-A7728CE69999}.Debug|Any CPU.Build.0 = Debug|Any CPU
		{F55AA752-D592-42E1-9271-A7728CE69999}.Release|Any CPU.ActiveCfg = Release|Any CPU
		{F55AA752-D592-42E1-9271-A7728CE69999}.Release|Any CPU.Build.0 = Release|Any CPU
	EndGlobalSection
	GlobalSection(SolutionProperties) = preSolution
		HideSolutionNode = FALSE
	EndGlobalSection
	GlobalSection(ExtensibilityGlobals) = postSolution
		SolutionGuid = {F6ADABE9-570E-405D-A15C-1641A86BAF7C}
	EndGlobalSection
EndGlobal
